
Microsoft Visual Studio Solution File, Format Version 12.00
# Visual Studio Version 17
VisualStudioVersion = 17.3.32929.385
MinimumVisualStudioVersion = 10.0.40219.1
Project("{FAE04EC0-301F-11D3-BF4B-00C04F79EFBC}") = "Spotify", "Spotify\Spotify.csproj", "{BCA12012-DA56-458A-9CC8-DEEC73A40052}"
EndProject
Global
	GlobalSection(SolutionConfigurationPlatforms) = preSolution
		Debug|Any CPU = Debug|Any CPU
		Release|Any CPU = Release|Any CPU
	EndGlobalSection
	GlobalSection(ProjectConfigurationPlatforms) = postSolution
		{BCA12012-DA56-458A-9CC8-DEEC73A40052}.Debug|Any CPU.ActiveCfg = Debug|Any CPU
		{BCA12012-DA56-458A-9CC8-DEEC73A40052}.Debug|Any CPU.Build.0 = Debug|Any CPU
		{BCA12012-DA56-458A-9CC8-DEEC73A40052}.Release|Any CPU.ActiveCfg = Release|Any CPU
		{BCA12012-DA56-458A-9CC8-DEEC73A40052}.Release|Any CPU.Build.0 = Release|Any CPU
	EndGlobalSection
	GlobalSection(SolutionProperties) = preSolution
		HideSolutionNode = FALSE
	EndGlobalSection
	GlobalSection(ExtensibilityGlobals) = postSolution
		SolutionGuid = {C81EDBC5-296A-4D6C-9AE1-D9330C63B17E}
	EndGlobalSection
EndGlobal
